
Microsoft Visual Studio Solution File, Format Version 12.00
# Visual Studio Version 17
VisualStudioVersion = 17.0.31612.314
MinimumVisualStudioVersion = 10.0.40219.1
Project("{9A19103F-16F7-4668-BE54-9A1E7A4F7556}") = "Veterinary.Api", "Veterinary.Api\Veterinary.Api.csproj", "{2D23137E-2B90-4C14-9AAE-2FBB53D2260D}"
EndProject
Project("{9A19103F-16F7-4668-BE54-9A1E7A4F7556}") = "Veterinary.Dal", "Veterinary.Dal\Veterinary.Dal.csproj", "{B2360F0B-00C3-44AA-ADCE-53B7E5E55DF0}"
EndProject
Project("{9A19103F-16F7-4668-BE54-9A1E7A4F7556}") = "Veterinary.Application", "Veterinary.Application\Veterinary.Application.csproj", "{D3AA6117-1A51-4FD1-999F-2AF99CC9AA2A}"
EndProject
Project("{9A19103F-16F7-4668-BE54-9A1E7A4F7556}") = "Veterinary.Domain", "Veterinary.Domain\Veterinary.Domain.csproj", "{12A15B15-665B-4B78-AA58-3BE1C8B31685}"
EndProject
Project("{2150E333-8FDC-42A3-9474-1A3956D46DE8}") = "Solution Items", "Solution Items", "{34CED5E4-2F91-4352-B670-8E3854EE33D0}"
	ProjectSection(SolutionItems) = preProject
		.editorconfig = .editorconfig
	EndProjectSection
EndProject
Project("{9A19103F-16F7-4668-BE54-9A1E7A4F7556}") = "Veterinary.Shared", "Veterinary.Shared\Veterinary.Shared.csproj", "{5027627A-4D7E-41D3-B233-FC6A3FE695E6}"
EndProject
Project("{9A19103F-16F7-4668-BE54-9A1E7A4F7556}") = "Veterinary.Tests", "Veterinary.Tests\Veterinary.Tests.csproj", "{A053A601-C335-4480-A042-B3B48F7B1641}"
EndProject
Global
	GlobalSection(SolutionConfigurationPlatforms) = preSolution
		Debug|Any CPU = Debug|Any CPU
		Release|Any CPU = Release|Any CPU
	EndGlobalSection
	GlobalSection(ProjectConfigurationPlatforms) = postSolution
		{2D23137E-2B90-4C14-9AAE-2FBB53D2260D}.Debug|Any CPU.ActiveCfg = Debug|Any CPU
		{2D23137E-2B90-4C14-9AAE-2FBB53D2260D}.Debug|Any CPU.Build.0 = Debug|Any CPU
		{2D23137E-2B90-4C14-9AAE-2FBB53D2260D}.Release|Any CPU.ActiveCfg = Release|Any CPU
		{2D23137E-2B90-4C14-9AAE-2FBB53D2260D}.Release|Any CPU.Build.0 = Release|Any CPU
		{B2360F0B-00C3-44AA-ADCE-53B7E5E55DF0}.Debug|Any CPU.ActiveCfg = Debug|Any CPU
		{B2360F0B-00C3-44AA-ADCE-53B7E5E55DF0}.Debug|Any CPU.Build.0 = Debug|Any CPU
		{B2360F0B-00C3-44AA-ADCE-53B7E5E55DF0}.Release|Any CPU.ActiveCfg = Release|Any CPU
		{B2360F0B-00C3-44AA-ADCE-53B7E5E55DF0}.Release|Any CPU.Build.0 = Release|Any CPU
		{D3AA6117-1A51-4FD1-999F-2AF99CC9AA2A}.Debug|Any CPU.ActiveCfg = Debug|Any CPU
		{D3AA6117-1A51-4FD1-999F-2AF99CC9AA2A}.Debug|Any CPU.Build.0 = Debug|Any CPU
		{D3AA6117-1A51-4FD1-999F-2AF99CC9AA2A}.Release|Any CPU.ActiveCfg = Release|Any CPU
		{D3AA6117-1A51-4FD1-999F-2AF99CC9AA2A}.Release|Any CPU.Build.0 = Release|Any CPU
		{12A15B15-665B-4B78-AA58-3BE1C8B31685}.Debug|Any CPU.ActiveCfg = Debug|Any CPU
		{12A15B15-665B-4B78-AA58-3BE1C8B31685}.Debug|Any CPU.Build.0 = Debug|Any CPU
		{12A15B15-665B-4B78-AA58-3BE1C8B31685}.Release|Any CPU.ActiveCfg = Release|Any CPU
		{12A15B15-665B-4B78-AA58-3BE1C8B31685}.Release|Any CPU.Build.0 = Release|Any CPU
		{5027627A-4D7E-41D3-B233-FC6A3FE695E6}.Debug|Any CPU.ActiveCfg = Debug|Any CPU
		{5027627A-4D7E-41D3-B233-FC6A3FE695E6}.Debug|Any CPU.Build.0 = Debug|Any CPU
		{5027627A-4D7E-41D3-B233-FC6A3FE695E6}.Release|Any CPU.ActiveCfg = Release|Any CPU
		{5027627A-4D7E-41D3-B233-FC6A3FE695E6}.Release|Any CPU.Build.0 = Release|Any CPU
		{A053A601-C335-4480-A042-B3B48F7B1641}.Debug|Any CPU.ActiveCfg = Debug|Any CPU
		{A053A601-C335-4480-A042-B3B48F7B1641}.Debug|Any CPU.Build.0 = Debug|Any CPU
		{A053A601-C335-4480-A042-B3B48F7B1641}.Release|Any CPU.ActiveCfg = Release|Any CPU
		{A053A601-C335-4480-A042-B3B48F7B1641}.Release|Any CPU.Build.0 = Release|Any CPU
	EndGlobalSection
	GlobalSection(SolutionProperties) = preSolution
		HideSolutionNode = FALSE
	EndGlobalSection
	GlobalSection(ExtensibilityGlobals) = postSolution
		SolutionGuid = {4FFF4EC3-EAF8-41A6-9B8B-A4CA1EFFB013}
	EndGlobalSection
EndGlobal
