
Microsoft Visual Studio Solution File, Format Version 12.00
# Visual Studio Version 16
VisualStudioVersion = 16.0.31515.178
MinimumVisualStudioVersion = 10.0.40219.1
Project("{9A19103F-16F7-4668-BE54-9A1E7A4F7556}") = "Veterinary.Api", "Veterinary.Api\Veterinary.Api.csproj", "{2D23137E-2B90-4C14-9AAE-2FBB53D2260D}"
EndProject
Project("{9A19103F-16F7-4668-BE54-9A1E7A4F7556}") = "Veterinary.Dal", "Veterinary.Dal\Veterinary.Dal.csproj", "{B2360F0B-00C3-44AA-ADCE-53B7E5E55DF0}"
EndProject
Project("{FAE04EC0-301F-11D3-BF4B-00C04F79EFBC}") = "Veterinary.Application", "Veterinary.Application\Veterinary.Application.csproj", "{D3AA6117-1A51-4FD1-999F-2AF99CC9AA2A}"
EndProject
Project("{FAE04EC0-301F-11D3-BF4B-00C04F79EFBC}") = "Veterinary.Domain", "Veterinary.Domain\Veterinary.Domain.csproj", "{12A15B15-665B-4B78-AA58-3BE1C8B31685}"
EndProject
Global
	GlobalSection(SolutionConfigurationPlatforms) = preSolution
		Debug|Any CPU = Debug|Any CPU
		Release|Any CPU = Release|Any CPU
	EndGlobalSection
	GlobalSection(ProjectConfigurationPlatforms) = postSolution
		{2D23137E-2B90-4C14-9AAE-2FBB53D2260D}.Debug|Any CPU.ActiveCfg = Debug|Any CPU
		{2D23137E-2B90-4C14-9AAE-2FBB53D2260D}.Debug|Any CPU.Build.0 = Debug|Any CPU
		{2D23137E-2B90-4C14-9AAE-2FBB53D2260D}.Release|Any CPU.ActiveCfg = Release|Any CPU
		{2D23137E-2B90-4C14-9AAE-2FBB53D2260D}.Release|Any CPU.Build.0 = Release|Any CPU
		{B2360F0B-00C3-44AA-ADCE-53B7E5E55DF0}.Debug|Any CPU.ActiveCfg = Debug|Any CPU
		{B2360F0B-00C3-44AA-ADCE-53B7E5E55DF0}.Debug|Any CPU.Build.0 = Debug|Any CPU
		{B2360F0B-00C3-44AA-ADCE-53B7E5E55DF0}.Release|Any CPU.ActiveCfg = Release|Any CPU
		{B2360F0B-00C3-44AA-ADCE-53B7E5E55DF0}.Release|Any CPU.Build.0 = Release|Any CPU
		{D3AA6117-1A51-4FD1-999F-2AF99CC9AA2A}.Debug|Any CPU.ActiveCfg = Debug|Any CPU
		{D3AA6117-1A51-4FD1-999F-2AF99CC9AA2A}.Debug|Any CPU.Build.0 = Debug|Any CPU
		{D3AA6117-1A51-4FD1-999F-2AF99CC9AA2A}.Release|Any CPU.ActiveCfg = Release|Any CPU
		{D3AA6117-1A51-4FD1-999F-2AF99CC9AA2A}.Release|Any CPU.Build.0 = Release|Any CPU
		{12A15B15-665B-4B78-AA58-3BE1C8B31685}.Debug|Any CPU.ActiveCfg = Debug|Any CPU
		{12A15B15-665B-4B78-AA58-3BE1C8B31685}.Debug|Any CPU.Build.0 = Debug|Any CPU
		{12A15B15-665B-4B78-AA58-3BE1C8B31685}.Release|Any CPU.ActiveCfg = Release|Any CPU
		{12A15B15-665B-4B78-AA58-3BE1C8B31685}.Release|Any CPU.Build.0 = Release|Any CPU
	EndGlobalSection
	GlobalSection(SolutionProperties) = preSolution
		HideSolutionNode = FALSE
	EndGlobalSection
	GlobalSection(ExtensibilityGlobals) = postSolution
		SolutionGuid = {4FFF4EC3-EAF8-41A6-9B8B-A4CA1EFFB013}
	EndGlobalSection
EndGlobal
